
Microsoft Visual Studio Solution File, Format Version 12.00
# Visual Studio 2012
Project("{FAE04EC0-301F-11D3-BF4B-00C04F79EFBC}") = "Brewmaster.Engine.Win8", "Brewmaster.Engine.Win8\Brewmaster.Engine.Win8.csproj", "{080A4F4D-728D-4C9B-8367-642ED4176698}"
EndProject
Project("{FAE04EC0-301F-11D3-BF4B-00C04F79EFBC}") = "Brewmaster.Sample.Win8", "Brewmaster.Sample.Win8\Brewmaster.Sample.Win8.csproj", "{9618CAC7-C319-4CA6-B2DD-44734DCFDAD8}"
EndProject
Global
	GlobalSection(SolutionConfigurationPlatforms) = preSolution
		ARM Debug|Any CPU = ARM Debug|Any CPU
		ARM Debug|ARM = ARM Debug|ARM
		ARM Debug|Mixed Platforms = ARM Debug|Mixed Platforms
		ARM Debug|x64 = ARM Debug|x64
		ARM Debug|x86 = ARM Debug|x86
		ARM Release|Any CPU = ARM Release|Any CPU
		ARM Release|ARM = ARM Release|ARM
		ARM Release|Mixed Platforms = ARM Release|Mixed Platforms
		ARM Release|x64 = ARM Release|x64
		ARM Release|x86 = ARM Release|x86
		Debug|Any CPU = Debug|Any CPU
		Debug|ARM = Debug|ARM
		Debug|Mixed Platforms = Debug|Mixed Platforms
		Debug|x64 = Debug|x64
		Debug|x86 = Debug|x86
		Release|Any CPU = Release|Any CPU
		Release|ARM = Release|ARM
		Release|Mixed Platforms = Release|Mixed Platforms
		Release|x64 = Release|x64
		Release|x86 = Release|x86
	EndGlobalSection
	GlobalSection(ProjectConfigurationPlatforms) = postSolution
		{080A4F4D-728D-4C9B-8367-642ED4176698}.ARM Debug|Any CPU.ActiveCfg = ARM Debug|Any CPU
		{080A4F4D-728D-4C9B-8367-642ED4176698}.ARM Debug|Any CPU.Build.0 = ARM Debug|Any CPU
		{080A4F4D-728D-4C9B-8367-642ED4176698}.ARM Debug|ARM.ActiveCfg = ARM Debug|ARM
		{080A4F4D-728D-4C9B-8367-642ED4176698}.ARM Debug|ARM.Build.0 = ARM Debug|ARM
		{080A4F4D-728D-4C9B-8367-642ED4176698}.ARM Debug|Mixed Platforms.ActiveCfg = ARM Debug|x86
		{080A4F4D-728D-4C9B-8367-642ED4176698}.ARM Debug|Mixed Platforms.Build.0 = ARM Debug|x86
		{080A4F4D-728D-4C9B-8367-642ED4176698}.ARM Debug|x64.ActiveCfg = ARM Debug|x64
		{080A4F4D-728D-4C9B-8367-642ED4176698}.ARM Debug|x64.Build.0 = ARM Debug|x64
		{080A4F4D-728D-4C9B-8367-642ED4176698}.ARM Debug|x86.ActiveCfg = ARM Debug|x86
		{080A4F4D-728D-4C9B-8367-642ED4176698}.ARM Debug|x86.Build.0 = ARM Debug|x86
		{080A4F4D-728D-4C9B-8367-642ED4176698}.ARM Release|Any CPU.ActiveCfg = ARM Release|Any CPU
		{080A4F4D-728D-4C9B-8367-642ED4176698}.ARM Release|Any CPU.Build.0 = ARM Release|Any CPU
		{080A4F4D-728D-4C9B-8367-642ED4176698}.ARM Release|ARM.ActiveCfg = ARM Release|ARM
		{080A4F4D-728D-4C9B-8367-642ED4176698}.ARM Release|ARM.Build.0 = ARM Release|ARM
		{080A4F4D-728D-4C9B-8367-642ED4176698}.ARM Release|Mixed Platforms.ActiveCfg = ARM Release|x86
		{080A4F4D-728D-4C9B-8367-642ED4176698}.ARM Release|Mixed Platforms.Build.0 = ARM Release|x86
		{080A4F4D-728D-4C9B-8367-642ED4176698}.ARM Release|x64.ActiveCfg = ARM Release|x64
		{080A4F4D-728D-4C9B-8367-642ED4176698}.ARM Release|x64.Build.0 = ARM Release|x64
		{080A4F4D-728D-4C9B-8367-642ED4176698}.ARM Release|x86.ActiveCfg = ARM Release|x86
		{080A4F4D-728D-4C9B-8367-642ED4176698}.ARM Release|x86.Build.0 = ARM Release|x86
		{080A4F4D-728D-4C9B-8367-642ED4176698}.Debug|Any CPU.ActiveCfg = Debug|Any CPU
		{080A4F4D-728D-4C9B-8367-642ED4176698}.Debug|Any CPU.Build.0 = Debug|Any CPU
		{080A4F4D-728D-4C9B-8367-642ED4176698}.Debug|Any CPU.Deploy.0 = Debug|Any CPU
		{080A4F4D-728D-4C9B-8367-642ED4176698}.Debug|ARM.ActiveCfg = Debug|ARM
		{080A4F4D-728D-4C9B-8367-642ED4176698}.Debug|ARM.Build.0 = Debug|ARM
		{080A4F4D-728D-4C9B-8367-642ED4176698}.Debug|ARM.Deploy.0 = Debug|ARM
		{080A4F4D-728D-4C9B-8367-642ED4176698}.Debug|Mixed Platforms.ActiveCfg = Debug|x86
		{080A4F4D-728D-4C9B-8367-642ED4176698}.Debug|Mixed Platforms.Build.0 = Debug|x86
		{080A4F4D-728D-4C9B-8367-642ED4176698}.Debug|x64.ActiveCfg = Debug|x64
		{080A4F4D-728D-4C9B-8367-642ED4176698}.Debug|x64.Build.0 = Debug|x64
		{080A4F4D-728D-4C9B-8367-642ED4176698}.Debug|x64.Deploy.0 = Debug|x64
		{080A4F4D-728D-4C9B-8367-642ED4176698}.Debug|x86.ActiveCfg = Debug|x86
		{080A4F4D-728D-4C9B-8367-642ED4176698}.Debug|x86.Build.0 = Debug|x86
		{080A4F4D-728D-4C9B-8367-642ED4176698}.Debug|x86.Deploy.0 = Debug|x86
		{080A4F4D-728D-4C9B-8367-642ED4176698}.Release|Any CPU.ActiveCfg = Release|Any CPU
		{080A4F4D-728D-4C9B-8367-642ED4176698}.Release|Any CPU.Build.0 = Release|Any CPU
		{080A4F4D-728D-4C9B-8367-642ED4176698}.Release|Any CPU.Deploy.0 = Release|Any CPU
		{080A4F4D-728D-4C9B-8367-642ED4176698}.Release|ARM.ActiveCfg = Release|ARM
		{080A4F4D-728D-4C9B-8367-642ED4176698}.Release|ARM.Build.0 = Release|ARM
		{080A4F4D-728D-4C9B-8367-642ED4176698}.Release|ARM.Deploy.0 = Release|ARM
		{080A4F4D-728D-4C9B-8367-642ED4176698}.Release|Mixed Platforms.ActiveCfg = Release|x86
		{080A4F4D-728D-4C9B-8367-642ED4176698}.Release|Mixed Platforms.Build.0 = Release|x86
		{080A4F4D-728D-4C9B-8367-642ED4176698}.Release|x64.ActiveCfg = Release|x64
		{080A4F4D-728D-4C9B-8367-642ED4176698}.Release|x64.Build.0 = Release|x64
		{080A4F4D-728D-4C9B-8367-642ED4176698}.Release|x64.Deploy.0 = Release|x64
		{080A4F4D-728D-4C9B-8367-642ED4176698}.Release|x86.ActiveCfg = Release|x86
		{080A4F4D-728D-4C9B-8367-642ED4176698}.Release|x86.Build.0 = Release|x86
		{080A4F4D-728D-4C9B-8367-642ED4176698}.Release|x86.Deploy.0 = Release|x86
		{9618CAC7-C319-4CA6-B2DD-44734DCFDAD8}.ARM Debug|Any CPU.ActiveCfg = ARM Debug|Any CPU
		{9618CAC7-C319-4CA6-B2DD-44734DCFDAD8}.ARM Debug|Any CPU.Build.0 = ARM Debug|Any CPU
		{9618CAC7-C319-4CA6-B2DD-44734DCFDAD8}.ARM Debug|Any CPU.Deploy.0 = ARM Debug|Any CPU
		{9618CAC7-C319-4CA6-B2DD-44734DCFDAD8}.ARM Debug|ARM.ActiveCfg = ARM Debug|ARM
		{9618CAC7-C319-4CA6-B2DD-44734DCFDAD8}.ARM Debug|ARM.Build.0 = ARM Debug|ARM
		{9618CAC7-C319-4CA6-B2DD-44734DCFDAD8}.ARM Debug|ARM.Deploy.0 = ARM Debug|ARM
		{9618CAC7-C319-4CA6-B2DD-44734DCFDAD8}.ARM Debug|Mixed Platforms.ActiveCfg = ARM Debug|x86
		{9618CAC7-C319-4CA6-B2DD-44734DCFDAD8}.ARM Debug|Mixed Platforms.Build.0 = ARM Debug|x86
		{9618CAC7-C319-4CA6-B2DD-44734DCFDAD8}.ARM Debug|Mixed Platforms.Deploy.0 = ARM Debug|x86
		{9618CAC7-C319-4CA6-B2DD-44734DCFDAD8}.ARM Debug|x64.ActiveCfg = ARM Debug|x64
		{9618CAC7-C319-4CA6-B2DD-44734DCFDAD8}.ARM Debug|x64.Build.0 = ARM Debug|x64
		{9618CAC7-C319-4CA6-B2DD-44734DCFDAD8}.ARM Debug|x64.Deploy.0 = ARM Debug|x64
		{9618CAC7-C319-4CA6-B2DD-44734DCFDAD8}.ARM Debug|x86.ActiveCfg = ARM Debug|x86
		{9618CAC7-C319-4CA6-B2DD-44734DCFDAD8}.ARM Debug|x86.Build.0 = ARM Debug|x86
		{9618CAC7-C319-4CA6-B2DD-44734DCFDAD8}.ARM Debug|x86.Deploy.0 = ARM Debug|x86
		{9618CAC7-C319-4CA6-B2DD-44734DCFDAD8}.ARM Release|Any CPU.ActiveCfg = ARM Release|Any CPU
		{9618CAC7-C319-4CA6-B2DD-44734DCFDAD8}.ARM Release|Any CPU.Build.0 = ARM Release|Any CPU
		{9618CAC7-C319-4CA6-B2DD-44734DCFDAD8}.ARM Release|Any CPU.Deploy.0 = ARM Release|Any CPU
		{9618CAC7-C319-4CA6-B2DD-44734DCFDAD8}.ARM Release|ARM.ActiveCfg = ARM Release|ARM
		{9618CAC7-C319-4CA6-B2DD-44734DCFDAD8}.ARM Release|ARM.Build.0 = ARM Release|ARM
		{9618CAC7-C319-4CA6-B2DD-44734DCFDAD8}.ARM Release|ARM.Deploy.0 = ARM Release|ARM
		{9618CAC7-C319-4CA6-B2DD-44734DCFDAD8}.ARM Release|Mixed Platforms.ActiveCfg = ARM Release|x86
		{9618CAC7-C319-4CA6-B2DD-44734DCFDAD8}.ARM Release|Mixed Platforms.Build.0 = ARM Release|x86
		{9618CAC7-C319-4CA6-B2DD-44734DCFDAD8}.ARM Release|Mixed Platforms.Deploy.0 = ARM Release|x86
		{9618CAC7-C319-4CA6-B2DD-44734DCFDAD8}.ARM Release|x64.ActiveCfg = ARM Release|x64
		{9618CAC7-C319-4CA6-B2DD-44734DCFDAD8}.ARM Release|x64.Build.0 = ARM Release|x64
		{9618CAC7-C319-4CA6-B2DD-44734DCFDAD8}.ARM Release|x64.Deploy.0 = ARM Release|x64
		{9618CAC7-C319-4CA6-B2DD-44734DCFDAD8}.ARM Release|x86.ActiveCfg = ARM Release|x86
		{9618CAC7-C319-4CA6-B2DD-44734DCFDAD8}.ARM Release|x86.Build.0 = ARM Release|x86
		{9618CAC7-C319-4CA6-B2DD-44734DCFDAD8}.ARM Release|x86.Deploy.0 = ARM Release|x86
		{9618CAC7-C319-4CA6-B2DD-44734DCFDAD8}.Debug|Any CPU.ActiveCfg = Debug|Any CPU
		{9618CAC7-C319-4CA6-B2DD-44734DCFDAD8}.Debug|Any CPU.Build.0 = Debug|Any CPU
		{9618CAC7-C319-4CA6-B2DD-44734DCFDAD8}.Debug|Any CPU.Deploy.0 = Debug|Any CPU
		{9618CAC7-C319-4CA6-B2DD-44734DCFDAD8}.Debug|ARM.ActiveCfg = Debug|ARM
		{9618CAC7-C319-4CA6-B2DD-44734DCFDAD8}.Debug|ARM.Build.0 = Debug|ARM
		{9618CAC7-C319-4CA6-B2DD-44734DCFDAD8}.Debug|ARM.Deploy.0 = Debug|ARM
		{9618CAC7-C319-4CA6-B2DD-44734DCFDAD8}.Debug|Mixed Platforms.ActiveCfg = Debug|x86
		{9618CAC7-C319-4CA6-B2DD-44734DCFDAD8}.Debug|Mixed Platforms.Build.0 = Debug|x86
		{9618CAC7-C319-4CA6-B2DD-44734DCFDAD8}.Debug|Mixed Platforms.Deploy.0 = Debug|x86
		{9618CAC7-C319-4CA6-B2DD-44734DCFDAD8}.Debug|x64.ActiveCfg = Debug|x64
		{9618CAC7-C319-4CA6-B2DD-44734DCFDAD8}.Debug|x64.Build.0 = Debug|x64
		{9618CAC7-C319-4CA6-B2DD-44734DCFDAD8}.Debug|x64.Deploy.0 = Debug|x64
		{9618CAC7-C319-4CA6-B2DD-44734DCFDAD8}.Debug|x86.ActiveCfg = Debug|x86
		{9618CAC7-C319-4CA6-B2DD-44734DCFDAD8}.Debug|x86.Build.0 = Debug|x86
		{9618CAC7-C319-4CA6-B2DD-44734DCFDAD8}.Debug|x86.Deploy.0 = Debug|x86
		{9618CAC7-C319-4CA6-B2DD-44734DCFDAD8}.Release|Any CPU.ActiveCfg = Release|Any CPU
		{9618CAC7-C319-4CA6-B2DD-44734DCFDAD8}.Release|Any CPU.Build.0 = Release|Any CPU
		{9618CAC7-C319-4CA6-B2DD-44734DCFDAD8}.Release|Any CPU.Deploy.0 = Release|Any CPU
		{9618CAC7-C319-4CA6-B2DD-44734DCFDAD8}.Release|ARM.ActiveCfg = Release|ARM
		{9618CAC7-C319-4CA6-B2DD-44734DCFDAD8}.Release|ARM.Build.0 = Release|ARM
		{9618CAC7-C319-4CA6-B2DD-44734DCFDAD8}.Release|ARM.Deploy.0 = Release|ARM
		{9618CAC7-C319-4CA6-B2DD-44734DCFDAD8}.Release|Mixed Platforms.ActiveCfg = Release|x86
		{9618CAC7-C319-4CA6-B2DD-44734DCFDAD8}.Release|Mixed Platforms.Build.0 = Release|x86
		{9618CAC7-C319-4CA6-B2DD-44734DCFDAD8}.Release|Mixed Platforms.Deploy.0 = Release|x86
		{9618CAC7-C319-4CA6-B2DD-44734DCFDAD8}.Release|x64.ActiveCfg = Release|x64
		{9618CAC7-C319-4CA6-B2DD-44734DCFDAD8}.Release|x64.Build.0 = Release|x64
		{9618CAC7-C319-4CA6-B2DD-44734DCFDAD8}.Release|x64.Deploy.0 = Release|x64
		{9618CAC7-C319-4CA6-B2DD-44734DCFDAD8}.Release|x86.ActiveCfg = Release|x86
		{9618CAC7-C319-4CA6-B2DD-44734DCFDAD8}.Release|x86.Build.0 = Release|x86
		{9618CAC7-C319-4CA6-B2DD-44734DCFDAD8}.Release|x86.Deploy.0 = Release|x86
	EndGlobalSection
	GlobalSection(SolutionProperties) = preSolution
		HideSolutionNode = FALSE
	EndGlobalSection
EndGlobal
